# This file is automatically @generated by Cargo.
# It is not intended for manual editing.
version = 4

[[package]]
name = "emath-core"
version = "0.1.0"

[[package]]
name = "emath-ir"
version = "0.1.0"
dependencies = [
 "emath-core",
]

[[package]]
name = "emath-ir-tests"
version = "0.1.0"
dependencies = [
 "emath-core",
 "emath-ir",
]
