# This file is automatically @generated by Cargo.
# It is not intended for manual editing.
version = 3

[[package]]
name = "affine-policy-rs"
version = "0.1.0"

[[package]]
name = "demo-host"
version = "0.1.0"
dependencies = [
 "emath-artifact",
 "emath-build",
]

[[package]]
name = "demo-host-independent"
version = "0.1.0"
dependencies = [
 "affine-policy-rs",
]

[[package]]
name = "emath-artifact"
version = "0.1.0"
dependencies = [
 "emath-core",
 "emath-ir",
]

[[package]]
name = "emath-build"
version = "0.1.0"
dependencies = [
 "emath-artifact",
 "emath-core",
 "emath-exec-ir",
 "emath-goal",
 "emath-ir",
 "emath-plan",
 "emath-rust-backend",
 "emath-rust-ir",
 "emath-sema",
 "emath-source",
 "emath-syntax",
]

[[package]]
name = "emath-builder"
version = "0.1.0"
dependencies = [
 "emath-core",
 "emath-ir",
 "emath-sema",
]

[[package]]
name = "emath-cli"
version = "0.1.0"
dependencies = [
 "emath-artifact",
 "emath-build",
 "emath-core",
 "emath-genesis",
 "emath-goal",
 "emath-ir",
 "emath-plan",
 "emath-portfolio",
 "emath-rust-backend",
 "emath-sema",
 "emath-source",
 "emath-syntax",
 "emath-term",
 "emath-world-codegen-rust",
 "emath-world-ir",
]

[[package]]
name = "emath-core"
version = "0.1.0"

[[package]]
name = "emath-exec-ir"
version = "0.1.0"
dependencies = [
 "emath-core",
 "emath-ir",
]

[[package]]
name = "emath-genesis"
version = "0.1.0"
dependencies = [
 "emath-term",
 "emath-world-ir",
]

[[package]]
name = "emath-goal"
version = "0.1.0"
dependencies = [
 "emath-core",
 "emath-ir",
 "emath-syntax",
]

[[package]]
name = "emath-ir"
version = "0.1.0"
dependencies = [
 "emath-core",
]

[[package]]
name = "emath-lab-core"
version = "0.1.0"
dependencies = [
 "emath-core",
]

[[package]]
name = "emath-meaning-provider-api"
version = "0.1.0"
dependencies = [
 "emath-term",
 "emath-world-ir",
]

[[package]]
name = "emath-plan"
version = "0.1.0"
dependencies = [
 "emath-core",
 "emath-goal",
 "emath-ir",
 "emath-runtime",
]

[[package]]
name = "emath-portfolio"
version = "0.1.0"
dependencies = [
 "emath-world-ir",
]

[[package]]
name = "emath-provider-api"
version = "0.1.0"
dependencies = [
 "emath-core",
 "emath-ir",
 "emath-runtime",
]

[[package]]
name = "emath-runtime"
version = "0.1.0"
dependencies = [
 "emath-core",
]

[[package]]
name = "emath-rust-backend"
version = "0.1.0"
dependencies = [
 "emath-core",
 "emath-exec-ir",
 "emath-ir",
 "emath-rust-ir",
]

[[package]]
name = "emath-rust-ir"
version = "0.1.0"
dependencies = [
 "emath-core",
]

[[package]]
name = "emath-sema"
version = "0.1.0"
dependencies = [
 "emath-core",
 "emath-goal",
 "emath-ir",
 "emath-plan",
 "emath-source",
 "emath-syntax",
]

[[package]]
name = "emath-source"
version = "0.1.0"
dependencies = [
 "emath-core",
]

[[package]]
name = "emath-syntax"
version = "0.1.0"
dependencies = [
 "emath-core",
 "emath-source",
 "emath-term",
 "emath-world-ir",
]

[[package]]
name = "emath-term"
version = "0.1.0"

[[package]]
name = "emath-world-codegen-rust"
version = "0.1.0"
dependencies = [
 "emath-term",
]

[[package]]
name = "emath-world-ir"
version = "0.1.0"
dependencies = [
 "emath-term",
]

[[package]]
name = "provider-skeleton"
version = "0.1.0"
dependencies = [
 "emath-core",
 "emath-ir",
 "emath-provider-api",
 "emath-runtime",
]

[[package]]
name = "semantic-genesis-worlds"
version = "0.1.0"

[[package]]
name = "xtask"
version = "0.1.0"
