# This file is automatically @generated by Cargo.
# It is not intended for manual editing.
version = 4

[[package]]
name = "emath-artifact"
version = "0.1.0"
dependencies = [
 "emath-core",
 "emath-ir",
]

[[package]]
name = "emath-core"
version = "0.1.0"

[[package]]
name = "emath-goal"
version = "0.1.0"
dependencies = [
 "emath-core",
 "emath-ir",
 "emath-syntax",
]

[[package]]
name = "emath-ir"
version = "0.1.0"
dependencies = [
 "emath-core",
]

[[package]]
name = "emath-plan"
version = "0.1.0"
dependencies = [
 "emath-artifact",
 "emath-core",
 "emath-goal",
 "emath-ir",
 "emath-provider-api",
 "emath-runtime",
]

[[package]]
name = "emath-plan-tests"
version = "0.1.0"
dependencies = [
 "emath-core",
 "emath-ir",
 "emath-plan",
 "emath-provider-api",
]

[[package]]
name = "emath-provider-api"
version = "0.1.0"
dependencies = [
 "emath-core",
 "emath-ir",
 "emath-runtime",
]

[[package]]
name = "emath-runtime"
version = "0.1.0"
dependencies = [
 "emath-core",
]

[[package]]
name = "emath-source"
version = "0.1.0"
dependencies = [
 "emath-core",
]

[[package]]
name = "emath-syntax"
version = "0.1.0"
dependencies = [
 "emath-core",
 "emath-source",
 "emath-term",
 "emath-world-ir",
]

[[package]]
name = "emath-term"
version = "0.1.0"

[[package]]
name = "emath-world-ir"
version = "0.1.0"
dependencies = [
 "emath-term",
]
